
Microsoft Visual Studio Solution File, Format Version 12.00
# Visual Studio Version 17
VisualStudioVersion = 17.14.36518.9 d17.14
MinimumVisualStudioVersion = 10.0.40219.1
Project("{FAE04EC0-301F-11D3-BF4B-00C04F79EFBC}") = "KioskOrderingSystem", "KioskOrderingSystem\KioskOrderingSystem.csproj", "{5C7AEE93-61DD-4CB9-B337-B0EA16B9CDA7}"
EndProject
Global
	GlobalSection(SolutionConfigurationPlatforms) = preSolution
		Debug|Any CPU = Debug|Any CPU
		Release|Any CPU = Release|Any CPU
	EndGlobalSection
	GlobalSection(ProjectConfigurationPlatforms) = postSolution
		{5C7AEE93-61DD-4CB9-B337-B0EA16B9CDA7}.Debug|Any CPU.ActiveCfg = Debug|Any CPU
		{5C7AEE93-61DD-4CB9-B337-B0EA16B9CDA7}.Debug|Any CPU.Build.0 = Debug|Any CPU
		{5C7AEE93-61DD-4CB9-B337-B0EA16B9CDA7}.Release|Any CPU.ActiveCfg = Release|Any CPU
		{5C7AEE93-61DD-4CB9-B337-B0EA16B9CDA7}.Release|Any CPU.Build.0 = Release|Any CPU
	EndGlobalSection
	GlobalSection(SolutionProperties) = preSolution
		HideSolutionNode = FALSE
	EndGlobalSection
	GlobalSection(ExtensibilityGlobals) = postSolution
		SolutionGuid = {094040A7-5203-4388-B15F-58DF2B78AF65}
	EndGlobalSection
EndGlobal
